
Microsoft Visual Studio Solution File, Format Version 12.00
# Visual Studio Version 17
VisualStudioVersion = 17.13.35931.197
MinimumVisualStudioVersion = 10.0.40219.1
Project("{FAE04EC0-301F-11D3-BF4B-00C04F79EFBC}") = "WorkCloneCS", "WorkCloneCS.csproj", "{AB05203E-8941-409D-AD78-1B2A11BF783A}"
EndProject
Global
	GlobalSection(SolutionConfigurationPlatforms) = preSolution
		Debug|Any CPU = Debug|Any CPU
		Debug|x86 = Debug|x86
		Release|Any CPU = Release|Any CPU
		Release|x86 = Release|x86
	EndGlobalSection
	GlobalSection(ProjectConfigurationPlatforms) = postSolution
		{AB05203E-8941-409D-AD78-1B2A11BF783A}.Debug|Any CPU.ActiveCfg = Debug|Any CPU
		{AB05203E-8941-409D-AD78-1B2A11BF783A}.Debug|Any CPU.Build.0 = Debug|Any CPU
		{AB05203E-8941-409D-AD78-1B2A11BF783A}.Debug|x86.ActiveCfg = Debug|Any CPU
		{AB05203E-8941-409D-AD78-1B2A11BF783A}.Debug|x86.Build.0 = Debug|Any CPU
		{AB05203E-8941-409D-AD78-1B2A11BF783A}.Release|Any CPU.ActiveCfg = Release|Any CPU
		{AB05203E-8941-409D-AD78-1B2A11BF783A}.Release|Any CPU.Build.0 = Release|Any CPU
		{AB05203E-8941-409D-AD78-1B2A11BF783A}.Release|x86.ActiveCfg = Release|x86
		{AB05203E-8941-409D-AD78-1B2A11BF783A}.Release|x86.Build.0 = Release|x86
	EndGlobalSection
	GlobalSection(SolutionProperties) = preSolution
		HideSolutionNode = FALSE
	EndGlobalSection
	GlobalSection(ExtensibilityGlobals) = postSolution
		SolutionGuid = {9E86F970-F366-4281-9D36-9D4CD388C0C1}
	EndGlobalSection
EndGlobal
